
Microsoft Visual Studio Solution File, Format Version 12.00
Project("{FAE04EC0-301F-11D3-BF4B-00C04F79EFBC}") = "ToDoListEF", "ToDoListEF\ToDoListEF.csproj", "{ED31622D-D25B-432C-ACCF-D057A2102477}"
EndProject
Project("{2150E333-8FDC-42A3-9474-1A3956D46DE8}") = "Domain", "Domain", "{B9EF92A6-D5DD-4831-8910-DCC4895BFC54}"
EndProject
Project("{FAE04EC0-301F-11D3-BF4B-00C04F79EFBC}") = "ToDoListEF.Domain", "ToDoListEF.Domain\ToDoListEF.Domain.csproj", "{C9916B26-0F5A-47D7-A93B-3C8B25D73C70}"
EndProject
Project("{2150E333-8FDC-42A3-9474-1A3956D46DE8}") = "DAL", "DAL", "{D7FDA371-BF12-459D-AC47-885EA64E67CF}"
EndProject
Project("{FAE04EC0-301F-11D3-BF4B-00C04F79EFBC}") = "ToDoListEF.DAL", "ToDoListEF.DAL\ToDoListEF.DAL.csproj", "{FD70CEA5-CD9F-4943-86F9-7F656E5C2716}"
EndProject
Project("{2150E333-8FDC-42A3-9474-1A3956D46DE8}") = "Service", "Service", "{96036C48-80D4-49F8-8161-D837CE36A3F2}"
EndProject
Project("{FAE04EC0-301F-11D3-BF4B-00C04F79EFBC}") = "ToDoListEF.Service", "ToDoListEF.Service\ToDoListEF.Service.csproj", "{5CBCCC19-5812-4A81-95B4-A3CBC50F4F81}"
EndProject
Global
	GlobalSection(SolutionConfigurationPlatforms) = preSolution
		Debug|Any CPU = Debug|Any CPU
		Release|Any CPU = Release|Any CPU
	EndGlobalSection
	GlobalSection(ProjectConfigurationPlatforms) = postSolution
		{ED31622D-D25B-432C-ACCF-D057A2102477}.Debug|Any CPU.ActiveCfg = Debug|Any CPU
		{ED31622D-D25B-432C-ACCF-D057A2102477}.Debug|Any CPU.Build.0 = Debug|Any CPU
		{ED31622D-D25B-432C-ACCF-D057A2102477}.Release|Any CPU.ActiveCfg = Release|Any CPU
		{ED31622D-D25B-432C-ACCF-D057A2102477}.Release|Any CPU.Build.0 = Release|Any CPU
		{C9916B26-0F5A-47D7-A93B-3C8B25D73C70}.Debug|Any CPU.ActiveCfg = Debug|Any CPU
		{C9916B26-0F5A-47D7-A93B-3C8B25D73C70}.Debug|Any CPU.Build.0 = Debug|Any CPU
		{C9916B26-0F5A-47D7-A93B-3C8B25D73C70}.Release|Any CPU.ActiveCfg = Release|Any CPU
		{C9916B26-0F5A-47D7-A93B-3C8B25D73C70}.Release|Any CPU.Build.0 = Release|Any CPU
		{FD70CEA5-CD9F-4943-86F9-7F656E5C2716}.Debug|Any CPU.ActiveCfg = Debug|Any CPU
		{FD70CEA5-CD9F-4943-86F9-7F656E5C2716}.Debug|Any CPU.Build.0 = Debug|Any CPU
		{FD70CEA5-CD9F-4943-86F9-7F656E5C2716}.Release|Any CPU.ActiveCfg = Release|Any CPU
		{FD70CEA5-CD9F-4943-86F9-7F656E5C2716}.Release|Any CPU.Build.0 = Release|Any CPU
		{5CBCCC19-5812-4A81-95B4-A3CBC50F4F81}.Debug|Any CPU.ActiveCfg = Debug|Any CPU
		{5CBCCC19-5812-4A81-95B4-A3CBC50F4F81}.Debug|Any CPU.Build.0 = Debug|Any CPU
		{5CBCCC19-5812-4A81-95B4-A3CBC50F4F81}.Release|Any CPU.ActiveCfg = Release|Any CPU
		{5CBCCC19-5812-4A81-95B4-A3CBC50F4F81}.Release|Any CPU.Build.0 = Release|Any CPU
	EndGlobalSection
	GlobalSection(NestedProjects) = preSolution
		{C9916B26-0F5A-47D7-A93B-3C8B25D73C70} = {B9EF92A6-D5DD-4831-8910-DCC4895BFC54}
		{FD70CEA5-CD9F-4943-86F9-7F656E5C2716} = {D7FDA371-BF12-459D-AC47-885EA64E67CF}
		{5CBCCC19-5812-4A81-95B4-A3CBC50F4F81} = {96036C48-80D4-49F8-8161-D837CE36A3F2}
	EndGlobalSection
EndGlobal
